
Microsoft Visual Studio Solution File, Format Version 12.00
# Visual Studio Version 17
VisualStudioVersion = 17.9.34728.123
MinimumVisualStudioVersion = 10.0.40219.1
Project("{FAE04EC0-301F-11D3-BF4B-00C04F79EFBC}") = "eTicket", "eTicket\eTicket.csproj", "{81411C38-F565-4F25-85E2-21E30ED6F39C}"
EndProject
Global
	GlobalSection(SolutionConfigurationPlatforms) = preSolution
		Debug|Any CPU = Debug|Any CPU
		Release|Any CPU = Release|Any CPU
	EndGlobalSection
	GlobalSection(ProjectConfigurationPlatforms) = postSolution
		{81411C38-F565-4F25-85E2-21E30ED6F39C}.Debug|Any CPU.ActiveCfg = Debug|Any CPU
		{81411C38-F565-4F25-85E2-21E30ED6F39C}.Debug|Any CPU.Build.0 = Debug|Any CPU
		{81411C38-F565-4F25-85E2-21E30ED6F39C}.Release|Any CPU.ActiveCfg = Release|Any CPU
		{81411C38-F565-4F25-85E2-21E30ED6F39C}.Release|Any CPU.Build.0 = Release|Any CPU
	EndGlobalSection
	GlobalSection(SolutionProperties) = preSolution
		HideSolutionNode = FALSE
	EndGlobalSection
	GlobalSection(ExtensibilityGlobals) = postSolution
		SolutionGuid = {70279418-274F-400F-8EC2-1F0CE3F335E7}
	EndGlobalSection
EndGlobal
